
Microsoft Visual Studio Solution File, Format Version 12.00
# Visual Studio Version 17
VisualStudioVersion = 17.0.31903.59
MinimumVisualStudioVersion = 10.0.40219.1
Project("{FAE04EC0-301F-11D3-BF4B-00C04F79EFBC}") = "Zadatak", "Zadatak\Zadatak.csproj", "{735CCA33-A473-4230-ADC2-D4E8238BCD6C}"
EndProject
Project("{FAE04EC0-301F-11D3-BF4B-00C04F79EFBC}") = "Zadatak2", "Zadatak2\Zadatak2.csproj", "{DB887319-D386-470D-867B-71B4369EFEFA}"
EndProject
Project("{FAE04EC0-301F-11D3-BF4B-00C04F79EFBC}") = "Zadatak3", "Zadatak3\Zadatak3.csproj", "{4409E3AB-7EB8-41BC-A61D-7933F681FA10}"
EndProject
Global
	GlobalSection(SolutionConfigurationPlatforms) = preSolution
		Debug|Any CPU = Debug|Any CPU
		Release|Any CPU = Release|Any CPU
	EndGlobalSection
	GlobalSection(SolutionProperties) = preSolution
		HideSolutionNode = FALSE
	EndGlobalSection
	GlobalSection(ProjectConfigurationPlatforms) = postSolution
		{735CCA33-A473-4230-ADC2-D4E8238BCD6C}.Debug|Any CPU.ActiveCfg = Debug|Any CPU
		{735CCA33-A473-4230-ADC2-D4E8238BCD6C}.Debug|Any CPU.Build.0 = Debug|Any CPU
		{735CCA33-A473-4230-ADC2-D4E8238BCD6C}.Release|Any CPU.ActiveCfg = Release|Any CPU
		{735CCA33-A473-4230-ADC2-D4E8238BCD6C}.Release|Any CPU.Build.0 = Release|Any CPU
		{DB887319-D386-470D-867B-71B4369EFEFA}.Debug|Any CPU.ActiveCfg = Debug|Any CPU
		{DB887319-D386-470D-867B-71B4369EFEFA}.Debug|Any CPU.Build.0 = Debug|Any CPU
		{DB887319-D386-470D-867B-71B4369EFEFA}.Release|Any CPU.ActiveCfg = Release|Any CPU
		{DB887319-D386-470D-867B-71B4369EFEFA}.Release|Any CPU.Build.0 = Release|Any CPU
		{4409E3AB-7EB8-41BC-A61D-7933F681FA10}.Debug|Any CPU.ActiveCfg = Debug|Any CPU
		{4409E3AB-7EB8-41BC-A61D-7933F681FA10}.Debug|Any CPU.Build.0 = Debug|Any CPU
		{4409E3AB-7EB8-41BC-A61D-7933F681FA10}.Release|Any CPU.ActiveCfg = Release|Any CPU
		{4409E3AB-7EB8-41BC-A61D-7933F681FA10}.Release|Any CPU.Build.0 = Release|Any CPU
	EndGlobalSection
EndGlobal
